{
  "requires": true,
  "lockfileVersion": 1,
  "dependencies": {
    "@types/prop-types": {
      "version": "15.7.4",
      "resolved": "https://registry.npmjs.org/@types/prop-types/-/prop-types-15.7.4.tgz",
      "integrity": "sha512-rZ5drC/jWjrArrS8BR6SIr4cWpW09RNTYt9AMZo3Jwwif+iacXAqgVjm0B0Bv/S1jhDXKHqRVNCbACkJ89RAnQ=="
    },
    "@types/react": {
      "version": "16.14.11",
      "resolved": "https://registry.npmjs.org/@types/react/-/react-16.14.11.tgz",
      "integrity": "sha512-Don0MtsZZ3fjwTJ2BsoqkyOy7e176KplEAKOpr/4XDdzinlyJBn9yfsKn5mcSgn4kh1B22+3tBnzBC1z63ybtQ==",
      "requires": {
        "@types/prop-types": "*",
        "@types/scheduler": "*",
        "csstype": "^3.0.2"
      }
    },
    "@types/scheduler": {
      "version": "0.16.2",
      "resolved": "https://registry.npmjs.org/@types/scheduler/-/scheduler-0.16.2.tgz",
      "integrity": "sha512-hppQEBDmlwhFAXKJX2KnWLYu5yMfi91yazPb2l+lbJiwW+wdo1gNeRA+3RgNSO39WYX2euey41KEwnqesU2Jew=="
    },
    "auto-bind": {
      "version": "2.1.1",
      "resolved": "https://registry.npmjs.org/auto-bind/-/auto-bind-2.1.1.tgz",
      "integrity": "sha512-NUwV1i9D3vxxY1KnfZgSZ716d6ovY7o8LfOwLhGIPFBowIb6Ln6DBW64+jCqPzUznel2hRSkQnYQqvh7/ldw8A==",
      "requires": {
        "@types/react": "^16.8.12"
      }
    },
    "csstype": {
      "version": "3.0.8",
      "resolved": "https://registry.npmjs.org/csstype/-/csstype-3.0.8.tgz",
      "integrity": "sha512-jXKhWqXPmlUeoQnF/EhTtTl4C9SnrxSH/jZUih3jmO6lBKr99rP3/+FmrMj4EFpOXzMtXHAZkd3x0E6h6Fgflw=="
    },
    "react-material-ui-carousel": {
      "version": "2.2.7",
      "resolved": "https://registry.npmjs.org/react-material-ui-carousel/-/react-material-ui-carousel-2.2.7.tgz",
      "integrity": "sha512-aO42C4oupmIxmJwYaTWrlWaXvVVspKcpEu/5efZ9slteATEsqqPtNAeVaE40Vimw2hZeIh2e8vpRwjq7fSsLxw==",
      "requires": {
        "auto-bind": "^2.1.1",
        "react-swipeable": "^6.1.0"
      }
    },
    "react-swipeable": {
      "version": "6.1.2",
      "resolved": "https://registry.npmjs.org/react-swipeable/-/react-swipeable-6.1.2.tgz",
      "integrity": "sha512-vfZtOZNivwd/aI+ZZH1Grx0eQBdbV1UI3pB9p65jbW5guHHdSIPpKsND6XmaiZXP5REOOc9Ckfr36ChswPqwsA=="
    }
  }
}
